// !$*UTF8*$!
{
	archiveVersion = 1;
	classes = {
	};
	objectVersion = 50;
	objects = {

/* Begin PBXBuildFile section */
		D4431712242FD5110027AA32 /* AppDelegate.swift in Sources */ = {isa = PBXBuildFile; fileRef = D4431711242FD5110027AA32 /* AppDelegate.swift */; };
		D4431714242FD5110027AA32 /* SceneDelegate.swift in Sources */ = {isa = PBXBuildFile; fileRef = D4431713242FD5110027AA32 /* SceneDelegate.swift */; };
		D4431716242FD5110027AA32 /* TableViewController.swift in Sources */ = {isa = PBXBuildFile; fileRef = D4431715242FD5110027AA32 /* TableViewController.swift */; };
		D4431719242FD5110027AA32 /* Main.storyboard in Resources */ = {isa = PBXBuildFile; fileRef = D4431717242FD5110027AA32 /* Main.storyboard */; };
		D443171C242FD5110027AA32 /* SectionalObjects.xcdatamodeld in Sources */ = {isa = PBXBuildFile; fileRef = D443171A242FD5110027AA32 /* SectionalObjects.xcdatamodeld */; };
		D443171E242FD5120027AA32 /* Assets.xcassets in Resources */ = {isa = PBXBuildFile; fileRef = D443171D242FD5120027AA32 /* Assets.xcassets */; };
		D4431721242FD5120027AA32 /* LaunchScreen.storyboard in Resources */ = {isa = PBXBuildFile; fileRef = D443171F242FD5120027AA32 /* LaunchScreen.storyboard */; };
		D4431729242FD56E0027AA32 /* ManagedObject.swift in Sources */ = {isa = PBXBuildFile; fileRef = D4431728242FD56E0027AA32 /* ManagedObject.swift */; };
		D443172B242FD5D80027AA32 /* Item.swift in Sources */ = {isa = PBXBuildFile; fileRef = D443172A242FD5D80027AA32 /* Item.swift */; };
		D443172D242FD5E00027AA32 /* Section.swift in Sources */ = {isa = PBXBuildFile; fileRef = D443172C242FD5E00027AA32 /* Section.swift */; };
/* End PBXBuildFile section */

/* Begin PBXFileReference section */
		D443170E242FD5110027AA32 /* SectionalObjects.app */ = {isa = PBXFileReference; explicitFileType = wrapper.application; includeInIndex = 0; path = SectionalObjects.app; sourceTree = BUILT_PRODUCTS_DIR; };
		D4431711242FD5110027AA32 /* AppDelegate.swift */ = {isa = PBXFileReference; lastKnownFileType = sourcecode.swift; path = AppDelegate.swift; sourceTree = "<group>"; };
		D4431713242FD5110027AA32 /* SceneDelegate.swift */ = {isa = PBXFileReference; lastKnownFileType = sourcecode.swift; path = SceneDelegate.swift; sourceTree = "<group>"; };
		D4431715242FD5110027AA32 /* TableViewController.swift */ = {isa = PBXFileReference; lastKnownFileType = sourcecode.swift; path = TableViewController.swift; sourceTree = "<group>"; };
		D4431718242FD5110027AA32 /* Base */ = {isa = PBXFileReference; lastKnownFileType = file.storyboard; name = Base; path = Base.lproj/Main.storyboard; sourceTree = "<group>"; };
		D443171B242FD5110027AA32 /* SectionalObjects.xcdatamodel */ = {isa = PBXFileReference; lastKnownFileType = wrapper.xcdatamodel; path = SectionalObjects.xcdatamodel; sourceTree = "<group>"; };
		D443171D242FD5120027AA32 /* Assets.xcassets */ = {isa = PBXFileReference; lastKnownFileType = folder.assetcatalog; path = Assets.xcassets; sourceTree = "<group>"; };
		D4431720242FD5120027AA32 /* Base */ = {isa = PBXFileReference; lastKnownFileType = file.storyboard; name = Base; path = Base.lproj/LaunchScreen.storyboard; sourceTree = "<group>"; };
		D4431722242FD5120027AA32 /* Info.plist */ = {isa = PBXFileReference; lastKnownFileType = text.plist.xml; path = Info.plist; sourceTree = "<group>"; };
		D4431728242FD56E0027AA32 /* ManagedObject.swift */ = {isa = PBXFileReference; lastKnownFileType = sourcecode.swift; path = ManagedObject.swift; sourceTree = "<group>"; };
		D443172A242FD5D80027AA32 /* Item.swift */ = {isa = PBXFileReference; lastKnownFileType = sourcecode.swift; path = Item.swift; sourceTree = "<group>"; };
		D443172C242FD5E00027AA32 /* Section.swift */ = {isa = PBXFileReference; lastKnownFileType = sourcecode.swift; path = Section.swift; sourceTree = "<group>"; };
/* End PBXFileReference section */

/* Begin PBXFrameworksBuildPhase section */
		D443170B242FD5110027AA32 /* Frameworks */ = {
			isa = PBXFrameworksBuildPhase;
			buildActionMask = 2147483647;
			files = (
			);
			runOnlyForDeploymentPostprocessing = 0;
		};
/* End PBXFrameworksBuildPhase section */

/* Begin PBXGroup section */
		D4431705242FD5110027AA32 = {
			isa = PBXGroup;
			children = (
				D4431710242FD5110027AA32 /* SectionalObjects */,
				D443170F242FD5110027AA32 /* Products */,
			);
			sourceTree = "<group>";
		};
		D443170F242FD5110027AA32 /* Products */ = {
			isa = PBXGroup;
			children = (
				D443170E242FD5110027AA32 /* SectionalObjects.app */,
			);
			name = Products;
			sourceTree = "<group>";
		};
		D4431710242FD5110027AA32 /* SectionalObjects */ = {
			isa = PBXGroup;
			children = (
				D4431711242FD5110027AA32 /* AppDelegate.swift */,
				D4431713242FD5110027AA32 /* SceneDelegate.swift */,
				D4431715242FD5110027AA32 /* TableViewController.swift */,
				D4431728242FD56E0027AA32 /* ManagedObject.swift */,
				D443172A242FD5D80027AA32 /* Item.swift */,
				D443172C242FD5E00027AA32 /* Section.swift */,
				D4431717242FD5110027AA32 /* Main.storyboard */,
				D443171D242FD5120027AA32 /* Assets.xcassets */,
				D443171F242FD5120027AA32 /* LaunchScreen.storyboard */,
				D4431722242FD5120027AA32 /* Info.plist */,
				D443171A242FD5110027AA32 /* SectionalObjects.xcdatamodeld */,
			);
			path = SectionalObjects;
			sourceTree = "<group>";
		};
/* End PBXGroup section */

/* Begin PBXNativeTarget section */
		D443170D242FD5110027AA32 /* SectionalObjects */ = {
			isa = PBXNativeTarget;
			buildConfigurationList = D4431725242FD5120027AA32 /* Build configuration list for PBXNativeTarget "SectionalObjects" */;
			buildPhases = (
				D443170A242FD5110027AA32 /* Sources */,
				D443170B242FD5110027AA32 /* Frameworks */,
				D443170C242FD5110027AA32 /* Resources */,
			);
			buildRules = (
			);
			dependencies = (
			);
			name = SectionalObjects;
			productName = SectionalObjects;
			productReference = D443170E242FD5110027AA32 /* SectionalObjects.app */;
			productType = "com.apple.product-type.application";
		};
/* End PBXNativeTarget section */

/* Begin PBXProject section */
		D4431706242FD5110027AA32 /* Project object */ = {
			isa = PBXProject;
			attributes = {
				LastSwiftUpdateCheck = 1140;
				LastUpgradeCheck = 1140;
				ORGANIZATIONNAME = "";
				TargetAttributes = {
					D443170D242FD5110027AA32 = {
						CreatedOnToolsVersion = 11.4;
					};
				};
			};
			buildConfigurationList = D4431709242FD5110027AA32 /* Build configuration list for PBXProject "SectionalObjects" */;
			compatibilityVersion = "Xcode 9.3";
			developmentRegion = en;
			hasScannedForEncodings = 0;
			knownRegions = (
				en,
				Base,
			);
			mainGroup = D4431705242FD5110027AA32;
			productRefGroup = D443170F242FD5110027AA32 /* Products */;
			projectDirPath = "";
			projectRoot = "";
			targets = (
				D443170D242FD5110027AA32 /* SectionalObjects */,
			);
		};
/* End PBXProject section */

/* Begin PBXResourcesBuildPhase section */
		D443170C242FD5110027AA32 /* Resources */ = {
			isa = PBXResourcesBuildPhase;
			buildActionMask = 2147483647;
			files = (
				D4431721242FD5120027AA32 /* LaunchScreen.storyboard in Resources */,
				D443171E242FD5120027AA32 /* Assets.xcassets in Resources */,
				D4431719242FD5110027AA32 /* Main.storyboard in Resources */,
			);
			runOnlyForDeploymentPostprocessing = 0;
		};
/* End PBXResourcesBuildPhase section */

/* Begin PBXSourcesBuildPhase section */
		D443170A242FD5110027AA32 /* Sources */ = {
			isa = PBXSourcesBuildPhase;
			buildActionMask = 2147483647;
			files = (
				D4431716242FD5110027AA32 /* TableViewController.swift in Sources */,
				D443171C242FD5110027AA32 /* SectionalObjects.xcdatamodeld in Sources */,
				D4431729242FD56E0027AA32 /* ManagedObject.swift in Sources */,
				D443172D242FD5E00027AA32 /* Section.swift in Sources */,
				D4431712242FD5110027AA32 /* AppDelegate.swift in Sources */,
				D443172B242FD5D80027AA32 /* Item.swift in Sources */,
				D4431714242FD5110027AA32 /* SceneDelegate.swift in Sources */,
			);
			runOnlyForDeploymentPostprocessing = 0;
		};
/* End PBXSourcesBuildPhase section */

/* Begin PBXVariantGroup section */
		D4431717242FD5110027AA32 /* Main.storyboard */ = {
			isa = PBXVariantGroup;
			children = (
				D4431718242FD5110027AA32 /* Base */,
			);
			name = Main.storyboard;
			sourceTree = "<group>";
		};
		D443171F242FD5120027AA32 /* LaunchScreen.storyboard */ = {
			isa = PBXVariantGroup;
			children = (
				D4431720242FD5120027AA32 /* Base */,
			);
			name = LaunchScreen.storyboard;
			sourceTree = "<group>";
		};
/* End PBXVariantGroup section */

/* Begin XCBuildConfiguration section */
		D4431723242FD5120027AA32 /* Debug */ = {
			isa = XCBuildConfiguration;
			buildSettings = {
				ALWAYS_SEARCH_USER_PATHS = NO;
				CLANG_ANALYZER_NONNULL = YES;
				CLANG_ANALYZER_NUMBER_OBJECT_CONVERSION = YES_AGGRESSIVE;
				CLANG_CXX_LANGUAGE_STANDARD = "gnu++14";
				CLANG_CXX_LIBRARY = "libc++";
				CLANG_ENABLE_MODULES = YES;
				CLANG_ENABLE_OBJC_ARC = YES;
				CLANG_ENABLE_OBJC_WEAK = YES;
				CLANG_WARN_BLOCK_CAPTURE_AUTORELEASING = YES;
				CLANG_WARN_BOOL_CONVERSION = YES;
				CLANG_WARN_COMMA = YES;
				CLANG_WARN_CONSTANT_CONVERSION = YES;
				CLANG_WARN_DEPRECATED_OBJC_IMPLEMENTATIONS = YES;
				CLANG_WARN_DIRECT_OBJC_ISA_USAGE = YES_ERROR;
				CLANG_WARN_DOCUMENTATION_COMMENTS = YES;
				CLANG_WARN_EMPTY_BODY = YES;
				CLANG_WARN_ENUM_CONVERSION = YES;
				CLANG_WARN_INFINITE_RECURSION = YES;
				CLANG_WARN_INT_CONVERSION = YES;
				CLANG_WARN_NON_LITERAL_NULL_CONVERSION = YES;
				CLANG_WARN_OBJC_IMPLICIT_RETAIN_SELF = YES;
				CLANG_WARN_OBJC_LITERAL_CONVERSION = YES;
				CLANG_WARN_OBJC_ROOT_CLASS = YES_ERROR;
				CLANG_WARN_RANGE_LOOP_ANALYSIS = YES;
				CLANG_WARN_STRICT_PROTOTYPES = YES;
				CLANG_WARN_SUSPICIOUS_MOVE = YES;
				CLANG_WARN_UNGUARDED_AVAILABILITY = YES_AGGRESSIVE;
				CLANG_WARN_UNREACHABLE_CODE = YES;
				CLANG_WARN__DUPLICATE_METHOD_MATCH = YES;
				COPY_PHASE_STRIP = NO;
				DEBUG_INFORMATION_FORMAT = dwarf;
				ENABLE_STRICT_OBJC_MSGSEND = YES;
				ENABLE_TESTABILITY = YES;
				GCC_C_LANGUAGE_STANDARD = gnu11;
				GCC_DYNAMIC_NO_PIC = NO;
				GCC_NO_COMMON_BLOCKS = YES;
				GCC_OPTIMIZATION_LEVEL = 0;
				GCC_PREPROCESSOR_DEFINITIONS = (
					"DEBUG=1",
					"$(inherited)",
				);
				GCC_WARN_64_TO_32_BIT_CONVERSION = YES;
				GCC_WARN_ABOUT_RETURN_TYPE = YES_ERROR;
				GCC_WARN_UNDECLARED_SELECTOR = YES;
				GCC_WARN_UNINITIALIZED_AUTOS = YES_AGGRESSIVE;
				GCC_WARN_UNUSED_FUNCTION = YES;
				GCC_WARN_UNUSED_VARIABLE = YES;
				IPHONEOS_DEPLOYMENT_TARGET = 13.4;
				MTL_ENABLE_DEBUG_INFO = INCLUDE_SOURCE;
				MTL_FAST_MATH = YES;
				ONLY_ACTIVE_ARCH = YES;
				SDKROOT = iphoneos;
				SWIFT_ACTIVE_COMPILATION_CONDITIONS = DEBUG;
				SWIFT_OPTIMIZATION_LEVEL = "-Onone";
			};
			name = Debug;
		};
		D4431724242FD5120027AA32 /* Release */ = {
			isa = XCBuildConfiguration;
			buildSettings = {
				ALWAYS_SEARCH_USER_PATHS = NO;
				CLANG_ANALYZER_NONNULL = YES;
				CLANG_ANALYZER_NUMBER_OBJECT_CONVERSION = YES_AGGRESSIVE;
				CLANG_CXX_LANGUAGE_STANDARD = "gnu++14";
				CLANG_CXX_LIBRARY = "libc++";
				CLANG_ENABLE_MODULES = YES;
				CLANG_ENABLE_OBJC_ARC = YES;
				CLANG_ENABLE_OBJC_WEAK = YES;
				CLANG_WARN_BLOCK_CAPTURE_AUTORELEASING = YES;
				CLANG_WARN_BOOL_CONVERSION = YES;
				CLANG_WARN_COMMA = YES;
				CLANG_WARN_CONSTANT_CONVERSION = YES;
				CLANG_WARN_DEPRECATED_OBJC_IMPLEMENTATIONS = YES;
				CLANG_WARN_DIRECT_OBJC_ISA_USAGE = YES_ERROR;
				CLANG_WARN_DOCUMENTATION_COMMENTS = YES;
				CLANG_WARN_EMPTY_BODY = YES;
				CLANG_WARN_ENUM_CONVERSION = YES;
				CLANG_WARN_INFINITE_RECURSION = YES;
				CLANG_WARN_INT_CONVERSION = YES;
				CLANG_WARN_NON_LITERAL_NULL_CONVERSION = YES;
				CLANG_WARN_OBJC_IMPLICIT_RETAIN_SELF = YES;
				CLANG_WARN_OBJC_LITERAL_CONVERSION = YES;
				CLANG_WARN_OBJC_ROOT_CLASS = YES_ERROR;
				CLANG_WARN_RANGE_LOOP_ANALYSIS = YES;
				CLANG_WARN_STRICT_PROTOTYPES = YES;
				CLANG_WARN_SUSPICIOUS_MOVE = YES;
				CLANG_WARN_UNGUARDED_AVAILABILITY = YES_AGGRESSIVE;
				CLANG_WARN_UNREACHABLE_CODE = YES;
				CLANG_WARN__DUPLICATE_METHOD_MATCH = YES;
				COPY_PHASE_STRIP = NO;
				DEBUG_INFORMATION_FORMAT = "dwarf-with-dsym";
				ENABLE_NS_ASSERTIONS = NO;
				ENABLE_STRICT_OBJC_MSGSEND = YES;
				GCC_C_LANGUAGE_STANDARD = gnu11;
				GCC_NO_COMMON_BLOCKS = YES;
				GCC_WARN_64_TO_32_BIT_CONVERSION = YES;
				GCC_WARN_ABOUT_RETURN_TYPE = YES_ERROR;
				GCC_WARN_UNDECLARED_SELECTOR = YES;
				GCC_WARN_UNINITIALIZED_AUTOS = YES_AGGRESSIVE;
				GCC_WARN_UNUSED_FUNCTION = YES;
				GCC_WARN_UNUSED_VARIABLE = YES;
				IPHONEOS_DEPLOYMENT_TARGET = 13.4;
				MTL_ENABLE_DEBUG_INFO = NO;
				MTL_FAST_MATH = YES;
				SDKROOT = iphoneos;
				SWIFT_COMPILATION_MODE = wholemodule;
				SWIFT_OPTIMIZATION_LEVEL = "-O";
				VALIDATE_PRODUCT = YES;
			};
			name = Release;
		};
		D4431726242FD5120027AA32 /* Debug */ = {
			isa = XCBuildConfiguration;
			buildSettings = {
				ASSETCATALOG_COMPILER_APPICON_NAME = AppIcon;
				CODE_SIGN_STYLE = Automatic;
				DEVELOPMENT_TEAM = "";
				INFOPLIST_FILE = SectionalObjects/Info.plist;
				IPHONEOS_DEPLOYMENT_TARGET = 13.4;
				LD_RUNPATH_SEARCH_PATHS = (
					"$(inherited)",
					"@executable_path/Frameworks",
				);
				PRODUCT_BUNDLE_IDENTIFIER = com.Sections.SectionalObjects;
				PRODUCT_NAME = "$(TARGET_NAME)";
				SWIFT_VERSION = 5.0;
				TARGETED_DEVICE_FAMILY = "1,2";
			};
			name = Debug;
		};
		D4431727242FD5120027AA32 /* Release */ = {
			isa = XCBuildConfiguration;
			buildSettings = {
				ASSETCATALOG_COMPILER_APPICON_NAME = AppIcon;
				CODE_SIGN_STYLE = Automatic;
				DEVELOPMENT_TEAM = "";
				INFOPLIST_FILE = SectionalObjects/Info.plist;
				IPHONEOS_DEPLOYMENT_TARGET = 13.4;
				LD_RUNPATH_SEARCH_PATHS = (
					"$(inherited)",
					"@executable_path/Frameworks",
				);
				PRODUCT_BUNDLE_IDENTIFIER = com.Sections.SectionalObjects;
				PRODUCT_NAME = "$(TARGET_NAME)";
				SWIFT_VERSION = 5.0;
				TARGETED_DEVICE_FAMILY = "1,2";
			};
			name = Release;
		};
/* End XCBuildConfiguration section */

/* Begin XCConfigurationList section */
		D4431709242FD5110027AA32 /* Build configuration list for PBXProject "SectionalObjects" */ = {
			isa = XCConfigurationList;
			buildConfigurations = (
				D4431723242FD5120027AA32 /* Debug */,
				D4431724242FD5120027AA32 /* Release */,
			);
			defaultConfigurationIsVisible = 0;
			defaultConfigurationName = Release;
		};
		D4431725242FD5120027AA32 /* Build configuration list for PBXNativeTarget "SectionalObjects" */ = {
			isa = XCConfigurationList;
			buildConfigurations = (
				D4431726242FD5120027AA32 /* Debug */,
				D4431727242FD5120027AA32 /* Release */,
			);
			defaultConfigurationIsVisible = 0;
			defaultConfigurationName = Release;
		};
/* End XCConfigurationList section */

/* Begin XCVersionGroup section */
		D443171A242FD5110027AA32 /* SectionalObjects.xcdatamodeld */ = {
			isa = XCVersionGroup;
			children = (
				D443171B242FD5110027AA32 /* SectionalObjects.xcdatamodel */,
			);
			currentVersion = D443171B242FD5110027AA32 /* SectionalObjects.xcdatamodel */;
			path = SectionalObjects.xcdatamodeld;
			sourceTree = "<group>";
			versionGroupType = wrapper.xcdatamodel;
		};
/* End XCVersionGroup section */
	};
	rootObject = D4431706242FD5110027AA32 /* Project object */;
}
